{
    "_readme": [
        "This file locks the dependencies of your project to a known state",
        "Read more about it at https://getcomposer.org/doc/01-basic-usage.md#installing-dependencies",
        "This file is @generated automatically"
    ],
    "content-hash": "f0c83926e32128619e0d5a3cf93a5e35",
    "packages": [
        {
            "name": "leocavalcante/siler",
            "version": "v1.7.1",
            "source": {
                "type": "git",
                "url": "https://github.com/leocavalcante/siler.git",
                "reference": "a153d82ccd87924ec7a61b5e5c0dd202b65d55ec"
            },
            "dist": {
                "type": "zip",
                "url": "https://api.github.com/repos/leocavalcante/siler/zipball/a153d82ccd87924ec7a61b5e5c0dd202b65d55ec",
                "reference": "a153d82ccd87924ec7a61b5e5c0dd202b65d55ec",
                "shasum": ""
            },
            "require": {
                "php": ">=7.3"
            },
            "require-dev": {
                "cboden/ratchet": "^0.4.1",
                "cocur/slugify": "^3.2",
                "gabordemooij/redbean": "^5.4",
                "monolog/monolog": "^2.0",
                "phpunit/phpunit": "^8.4",
                "squizlabs/php_codesniffer": "^3.5",
                "swiftmailer/swiftmailer": "^6.2",
                "swoole/ide-helper": "^4.4",
                "textalk/websocket": "^1.2",
                "twig/twig": "^3.0",
                "vimeo/psalm": "^3.7",
                "vlucas/phpdotenv": "^3.6",
                "webonyx/graphql-php": "^0.13",
                "zendframework/zend-diactoros": "^2.2",
                "zendframework/zend-httphandlerrunner": "^1.1",
                "zendframework/zend-stratigility": "^3.2"
            },
            "type": "library",
            "autoload": {
                "psr-4": {
                    "Siler\\": "src/"
                },
                "files": [
                    "src/Container/Container.php",
                    "src/Diactoros/Diactoros.php",
                    "src/Dotenv/Dotenv.php",
                    "src/Encoder/Json.php",
                    "src/facades.php",
                    "src/File/File.php",
                    "src/Functional/Functional.php",
                    "src/Functional/Monad/Monad.php",
                    "src/GraphQL/GraphQL.php",
                    "src/Http/Http.php",
                    "src/Http/Request.php",
                    "src/Http/Response.php",
                    "src/HttpHandlerRunner/HttpHandlerRunner.php",
                    "src/Mail/SwiftMailer.php",
                    "src/Monolog/Monolog.php",
                    "src/Prelude/Str.php",
                    "src/Prelude/Tuple.php",
                    "src/Ratchet/Ratchet.php",
                    "src/Result/Result.php",
                    "src/Route/Route.php",
                    "src/Siler.php",
                    "src/Stratigility/Stratigility.php",
                    "src/Swoole/Swoole.php",
                    "src/Twig/Twig.php"
                ]
            },
            "notification-url": "https://packagist.org/downloads/",
            "license": [
                "MIT"
            ],
            "authors": [
                {
                    "name": "leocavalcante",
                    "email": "lc@leocavalcante.com"
                }
            ],
            "description": "Siler is a set of general purpose high-level abstractions aiming an API for declarative programming in PHP.",
            "keywords": [
                "api",
                "framework",
                "functional",
                "graphql",
                "micro",
                "router",
                "swoole"
            ],
            "time": "2019-12-11T13:33:16+00:00"
        }
    ],
    "packages-dev": [],
    "aliases": [],
    "minimum-stability": "stable",
    "stability-flags": [],
    "prefer-stable": false,
    "prefer-lowest": false,
    "platform": [],
    "platform-dev": []
}
